
Microsoft Visual Studio Solution File, Format Version 12.00
# Visual Studio 15
VisualStudioVersion = 15.0.27428.2002
MinimumVisualStudioVersion = 10.0.40219.1
Project("{FAE04EC0-301F-11D3-BF4B-00C04F79EFBC}") = "CS_GUI", "CS_GUI.csproj", "{C6F9AF96-B7B8-4CC3-85CC-70AD282B3263}"
EndProject
Project("{FAE04EC0-301F-11D3-BF4B-00C04F79EFBC}") = "GameTest", "GameTest\GameTest.csproj", "{DEE4DD6F-A8DC-406E-8ECD-1D5134C510E5}"
EndProject
Project("{FAE04EC0-301F-11D3-BF4B-00C04F79EFBC}") = "BrainTest", "BrainTest\BrainTest.csproj", "{A38105F5-610C-4E11-BFC9-AEA0A89956B3}"
EndProject
Project("{FAE04EC0-301F-11D3-BF4B-00C04F79EFBC}") = "SelectorTest", "SelectorTest\SelectorTest.csproj", "{C7BF7084-D218-4B38-B542-DFE49C4C7477}"
EndProject
Global
	GlobalSection(SolutionConfigurationPlatforms) = preSolution
		Debug|Any CPU = Debug|Any CPU
		Release|Any CPU = Release|Any CPU
	EndGlobalSection
	GlobalSection(ProjectConfigurationPlatforms) = postSolution
		{C6F9AF96-B7B8-4CC3-85CC-70AD282B3263}.Debug|Any CPU.ActiveCfg = Debug|Any CPU
		{C6F9AF96-B7B8-4CC3-85CC-70AD282B3263}.Debug|Any CPU.Build.0 = Debug|Any CPU
		{C6F9AF96-B7B8-4CC3-85CC-70AD282B3263}.Release|Any CPU.ActiveCfg = Release|Any CPU
		{C6F9AF96-B7B8-4CC3-85CC-70AD282B3263}.Release|Any CPU.Build.0 = Release|Any CPU
		{DEE4DD6F-A8DC-406E-8ECD-1D5134C510E5}.Debug|Any CPU.ActiveCfg = Debug|Any CPU
		{DEE4DD6F-A8DC-406E-8ECD-1D5134C510E5}.Debug|Any CPU.Build.0 = Debug|Any CPU
		{DEE4DD6F-A8DC-406E-8ECD-1D5134C510E5}.Release|Any CPU.ActiveCfg = Release|Any CPU
		{DEE4DD6F-A8DC-406E-8ECD-1D5134C510E5}.Release|Any CPU.Build.0 = Release|Any CPU
		{A38105F5-610C-4E11-BFC9-AEA0A89956B3}.Debug|Any CPU.ActiveCfg = Debug|Any CPU
		{A38105F5-610C-4E11-BFC9-AEA0A89956B3}.Debug|Any CPU.Build.0 = Debug|Any CPU
		{A38105F5-610C-4E11-BFC9-AEA0A89956B3}.Release|Any CPU.ActiveCfg = Release|Any CPU
		{A38105F5-610C-4E11-BFC9-AEA0A89956B3}.Release|Any CPU.Build.0 = Release|Any CPU
		{C7BF7084-D218-4B38-B542-DFE49C4C7477}.Debug|Any CPU.ActiveCfg = Debug|Any CPU
		{C7BF7084-D218-4B38-B542-DFE49C4C7477}.Debug|Any CPU.Build.0 = Debug|Any CPU
		{C7BF7084-D218-4B38-B542-DFE49C4C7477}.Release|Any CPU.ActiveCfg = Release|Any CPU
		{C7BF7084-D218-4B38-B542-DFE49C4C7477}.Release|Any CPU.Build.0 = Release|Any CPU
	EndGlobalSection
	GlobalSection(SolutionProperties) = preSolution
		HideSolutionNode = FALSE
	EndGlobalSection
	GlobalSection(ExtensibilityGlobals) = postSolution
		SolutionGuid = {9DC97F25-E470-45E6-B204-7EF706107599}
	EndGlobalSection
EndGlobal
